
Microsoft Visual Studio Solution File, Format Version 12.00
# Visual Studio Version 17
VisualStudioVersion = 17.4.33205.214
MinimumVisualStudioVersion = 10.0.40219.1
Project("{FAE04EC0-301F-11D3-BF4B-00C04F79EFBC}") = "Api", "Api\Api.csproj", "{A36ABAE6-66B0-4787-9B82-15EF493328D6}"
EndProject
Project("{FAE04EC0-301F-11D3-BF4B-00C04F79EFBC}") = "Domain", "Domain\Domain.csproj", "{7DB43AF5-706B-44FF-8BDA-53B327B95F92}"
EndProject
Project("{FAE04EC0-301F-11D3-BF4B-00C04F79EFBC}") = "Application", "Application\Application.csproj", "{44B487C3-4DAB-4032-8B45-EDB8D87C5F97}"
EndProject
Project("{FAE04EC0-301F-11D3-BF4B-00C04F79EFBC}") = "Infrastructure", "Infrastructure\Infrastructure.csproj", "{FF91CFE4-0D2A-4A26-BDE1-F3D36ADE06F7}"
EndProject
Global
	GlobalSection(SolutionConfigurationPlatforms) = preSolution
		Debug|Any CPU = Debug|Any CPU
		Release|Any CPU = Release|Any CPU
	EndGlobalSection
	GlobalSection(ProjectConfigurationPlatforms) = postSolution
		{A36ABAE6-66B0-4787-9B82-15EF493328D6}.Debug|Any CPU.ActiveCfg = Debug|Any CPU
		{A36ABAE6-66B0-4787-9B82-15EF493328D6}.Debug|Any CPU.Build.0 = Debug|Any CPU
		{A36ABAE6-66B0-4787-9B82-15EF493328D6}.Release|Any CPU.ActiveCfg = Release|Any CPU
		{A36ABAE6-66B0-4787-9B82-15EF493328D6}.Release|Any CPU.Build.0 = Release|Any CPU
		{7DB43AF5-706B-44FF-8BDA-53B327B95F92}.Debug|Any CPU.ActiveCfg = Debug|Any CPU
		{7DB43AF5-706B-44FF-8BDA-53B327B95F92}.Debug|Any CPU.Build.0 = Debug|Any CPU
		{7DB43AF5-706B-44FF-8BDA-53B327B95F92}.Release|Any CPU.ActiveCfg = Release|Any CPU
		{7DB43AF5-706B-44FF-8BDA-53B327B95F92}.Release|Any CPU.Build.0 = Release|Any CPU
		{44B487C3-4DAB-4032-8B45-EDB8D87C5F97}.Debug|Any CPU.ActiveCfg = Debug|Any CPU
		{44B487C3-4DAB-4032-8B45-EDB8D87C5F97}.Debug|Any CPU.Build.0 = Debug|Any CPU
		{44B487C3-4DAB-4032-8B45-EDB8D87C5F97}.Release|Any CPU.ActiveCfg = Release|Any CPU
		{44B487C3-4DAB-4032-8B45-EDB8D87C5F97}.Release|Any CPU.Build.0 = Release|Any CPU
		{FF91CFE4-0D2A-4A26-BDE1-F3D36ADE06F7}.Debug|Any CPU.ActiveCfg = Debug|Any CPU
		{FF91CFE4-0D2A-4A26-BDE1-F3D36ADE06F7}.Debug|Any CPU.Build.0 = Debug|Any CPU
		{FF91CFE4-0D2A-4A26-BDE1-F3D36ADE06F7}.Release|Any CPU.ActiveCfg = Release|Any CPU
		{FF91CFE4-0D2A-4A26-BDE1-F3D36ADE06F7}.Release|Any CPU.Build.0 = Release|Any CPU
	EndGlobalSection
	GlobalSection(SolutionProperties) = preSolution
		HideSolutionNode = FALSE
	EndGlobalSection
	GlobalSection(ExtensibilityGlobals) = postSolution
		SolutionGuid = {BB47D001-56A5-4496-91A2-1B423034F05F}
	EndGlobalSection
EndGlobal
